{
  "requires": true,
  "lockfileVersion": 1,
  "dependencies": {
    "@types/three": {
      "version": "0.93.19",
      "resolved": "https://registry.npmjs.org/@types/three/-/three-0.93.19.tgz",
      "integrity": "sha512-CnIJ5o+d6VoJbKE8cwFdjYlBqSRnT+Ea+dvXJYNlEtmUxrwmYimxgF8PqMV/Mk0VwAXdJI8+hm//voWd9tmn+Q=="
    }
  }
}
