{
  "requires": true,
  "lockfileVersion": 1,
  "dependencies": {
    "@types/three": {
      "version": "0.93.20",
      "resolved": "https://registry.npmjs.org/@types/three/-/three-0.93.20.tgz",
      "integrity": "sha512-k+YNaO8Ux6b2UQBIwM/fa4fdnBJpsMSxrHVGHXFsoflFUkvy/TPnvMXj396l1VjzzjqFX/vJFEsrYwpUhztD2g=="
    }
  }
}
