{
  "requires": true,
  "lockfileVersion": 1,
  "dependencies": {
    "@types/three": {
      "version": "0.93.17",
      "resolved": "https://registry.npmjs.org/@types/three/-/three-0.93.17.tgz",
      "integrity": "sha512-MCS9QZK5wOtiY40A/Vp9z8Z3iWsKcBUeLUGQptv3hEiDSMLTvnpMxYUBAK3nyb/5XY45WbVMKaWkAqah2GJfIQ=="
    }
  }
}
