{
  "requires": true,
  "lockfileVersion": 1,
  "dependencies": {
    "@types/three": {
      "version": "0.93.22",
      "resolved": "https://registry.npmjs.org/@types/three/-/three-0.93.22.tgz",
      "integrity": "sha512-z3gtO8D7icKFDd+T5M6mALazvxV2ScIeiWZNQE/sAxSCYCuZvTeBrIvCo7i4HKG1fPm2aRPMp0OYF4f0MHddsA=="
    }
  }
}
